// !$*UTF8*$!
{
	archiveVersion = 1;
	classes = {
	};
	objectVersion = 56;
	objects = {

/* Begin PBXBuildFile section */
		002095552AF7435A00B02DE4 /* LoginViewModel.swift in Sources */ = {isa = PBXBuildFile; fileRef = 002095542AF7435A00B02DE4 /* LoginViewModel.swift */; };
		002095582AF74C4900B02DE4 /* AuthModel.swift in Sources */ = {isa = PBXBuildFile; fileRef = 002095572AF74C4900B02DE4 /* AuthModel.swift */; };
		002095632AF77A2700B02DE4 /* AppCoordinator.swift in Sources */ = {isa = PBXBuildFile; fileRef = 002095622AF77A2700B02DE4 /* AppCoordinator.swift */; };
		002095652AF77AD700B02DE4 /* OnBoardingViewModel.swift in Sources */ = {isa = PBXBuildFile; fileRef = 002095642AF77AD700B02DE4 /* OnBoardingViewModel.swift */; };
		002095672AF77E1200B02DE4 /* UserService.swift in Sources */ = {isa = PBXBuildFile; fileRef = 002095662AF77E1200B02DE4 /* UserService.swift */; };
		002095692AF7805800B02DE4 /* ErrorModel.swift in Sources */ = {isa = PBXBuildFile; fileRef = 002095682AF7805800B02DE4 /* ErrorModel.swift */; };
		0020956B2AF7849200B02DE4 /* NicknameModel.swift in Sources */ = {isa = PBXBuildFile; fileRef = 0020956A2AF7849200B02DE4 /* NicknameModel.swift */; };
		0020956D2AF786E200B02DE4 /* OnBoardingModel.swift in Sources */ = {isa = PBXBuildFile; fileRef = 0020956C2AF786E200B02DE4 /* OnBoardingModel.swift */; };
		0020956F2AF78BDF00B02DE4 /* UITextField.swift in Sources */ = {isa = PBXBuildFile; fileRef = 0020956E2AF78BDF00B02DE4 /* UITextField.swift */; };
		003DB96B2AF9EDFC00903AF8 /* UIButton.swift in Sources */ = {isa = PBXBuildFile; fileRef = 003DB96A2AF9EDFC00903AF8 /* UIButton.swift */; };
		00A10AA62AF650CD009DF4BC /* LoginViewController.swift in Sources */ = {isa = PBXBuildFile; fileRef = 00A10AA52AF650CD009DF4BC /* LoginViewController.swift */; };
		00A10AAA2AF65947009DF4BC /* UIImage.swift in Sources */ = {isa = PBXBuildFile; fileRef = 00A10AA92AF65947009DF4BC /* UIImage.swift */; };
		00A10AAD2AF66B2C009DF4BC /* OnBoardingViewController.swift in Sources */ = {isa = PBXBuildFile; fileRef = 00A10AAC2AF66B2C009DF4BC /* OnBoardingViewController.swift */; };
		00A10AB22AF6ED8A009DF4BC /* AuthService.swift in Sources */ = {isa = PBXBuildFile; fileRef = 00A10AB12AF6ED8A009DF4BC /* AuthService.swift */; };
		00C7846A2AF90D2A00A0FFA7 /* UITextView.swift in Sources */ = {isa = PBXBuildFile; fileRef = 00C784692AF90D2A00A0FFA7 /* UITextView.swift */; };
		1AE1E41B0383BF6663752C79 /* Pods_iOS_201.framework in Frameworks */ = {isa = PBXBuildFile; fileRef = F1A54D5350CB8A12B6C05209 /* Pods_iOS_201.framework */; };
		74826A81EBBDCFD90B4CE793 /* Pods_iOS_201_iOS_201UITests.framework in Frameworks */ = {isa = PBXBuildFile; fileRef = C9D289F5E609236BA7C97AC6 /* Pods_iOS_201_iOS_201UITests.framework */; };
		78F317F05B6D2F035914518F /* Pods_iOS_201Tests.framework in Frameworks */ = {isa = PBXBuildFile; fileRef = FE74DA1177D8A4F11AA5C737 /* Pods_iOS_201Tests.framework */; };
		E10ADA8F2B05B40900A286E3 /* CreateStudyViewController.swift in Sources */ = {isa = PBXBuildFile; fileRef = E10ADA8E2B05B40900A286E3 /* CreateStudyViewController.swift */; };
		E10ADA902B05B40900A286E3 /* CreateStudyViewController.swift in Sources */ = {isa = PBXBuildFile; fileRef = E10ADA8E2B05B40900A286E3 /* CreateStudyViewController.swift */; };
		E10ADA912B05B40900A286E3 /* CreateStudyViewController.swift in Sources */ = {isa = PBXBuildFile; fileRef = E10ADA8E2B05B40900A286E3 /* CreateStudyViewController.swift */; };
		E1598CEF2AF776A400677F45 /* StudyListViewModel.swift in Sources */ = {isa = PBXBuildFile; fileRef = E1598CEE2AF776A400677F45 /* StudyListViewModel.swift */; };
		E1598CF02AF776A400677F45 /* StudyListViewModel.swift in Sources */ = {isa = PBXBuildFile; fileRef = E1598CEE2AF776A400677F45 /* StudyListViewModel.swift */; };
		E1598CF12AF776A400677F45 /* StudyListViewModel.swift in Sources */ = {isa = PBXBuildFile; fileRef = E1598CEE2AF776A400677F45 /* StudyListViewModel.swift */; };
		E1598CF32AF78C3400677F45 /* UIViewController.swift in Sources */ = {isa = PBXBuildFile; fileRef = E1598CF22AF78C3400677F45 /* UIViewController.swift */; };
		E1598CF42AF78C3400677F45 /* UIViewController.swift in Sources */ = {isa = PBXBuildFile; fileRef = E1598CF22AF78C3400677F45 /* UIViewController.swift */; };
		E1598CF52AF78C3400677F45 /* UIViewController.swift in Sources */ = {isa = PBXBuildFile; fileRef = E1598CF22AF78C3400677F45 /* UIViewController.swift */; };
		E1598CF72AF7935500677F45 /* LodingTableViewCell.swift in Sources */ = {isa = PBXBuildFile; fileRef = E1598CF62AF7935500677F45 /* LodingTableViewCell.swift */; };
		E1598CF82AF7935500677F45 /* LodingTableViewCell.swift in Sources */ = {isa = PBXBuildFile; fileRef = E1598CF62AF7935500677F45 /* LodingTableViewCell.swift */; };
		E1598CF92AF7935500677F45 /* LodingTableViewCell.swift in Sources */ = {isa = PBXBuildFile; fileRef = E1598CF62AF7935500677F45 /* LodingTableViewCell.swift */; };
		E16C92A42AE686A900141952 /* AppDelegate.swift in Sources */ = {isa = PBXBuildFile; fileRef = E16C92A32AE686A900141952 /* AppDelegate.swift */; };
		E16C92A62AE686A900141952 /* SceneDelegate.swift in Sources */ = {isa = PBXBuildFile; fileRef = E16C92A52AE686A900141952 /* SceneDelegate.swift */; };
		E16C92AE2AE686A900141952 /* iOS_201.xcdatamodeld in Sources */ = {isa = PBXBuildFile; fileRef = E16C92AC2AE686A900141952 /* iOS_201.xcdatamodeld */; };
		E16C92B02AE686AA00141952 /* Assets.xcassets in Resources */ = {isa = PBXBuildFile; fileRef = E16C92AF2AE686AA00141952 /* Assets.xcassets */; };
		E16C92B32AE686AA00141952 /* LaunchScreen.storyboard in Resources */ = {isa = PBXBuildFile; fileRef = E16C92B12AE686AA00141952 /* LaunchScreen.storyboard */; };
		E16C92BE2AE686AA00141952 /* iOS_201Tests.swift in Sources */ = {isa = PBXBuildFile; fileRef = E16C92BD2AE686AA00141952 /* iOS_201Tests.swift */; };
		E16C92C82AE686AA00141952 /* iOS_201UITests.swift in Sources */ = {isa = PBXBuildFile; fileRef = E16C92C72AE686AA00141952 /* iOS_201UITests.swift */; };
		E16C92CA2AE686AA00141952 /* iOS_201UITestsLaunchTests.swift in Sources */ = {isa = PBXBuildFile; fileRef = E16C92C92AE686AA00141952 /* iOS_201UITestsLaunchTests.swift */; };
		E1799BE72AF4ADDC00A69A33 /* CustomTabBarViewController.swift in Sources */ = {isa = PBXBuildFile; fileRef = E1799BE62AF4ADDC00A69A33 /* CustomTabBarViewController.swift */; };
		E1799BE82AF4ADDC00A69A33 /* CustomTabBarViewController.swift in Sources */ = {isa = PBXBuildFile; fileRef = E1799BE62AF4ADDC00A69A33 /* CustomTabBarViewController.swift */; };
		E1799BE92AF4ADDC00A69A33 /* CustomTabBarViewController.swift in Sources */ = {isa = PBXBuildFile; fileRef = E1799BE62AF4ADDC00A69A33 /* CustomTabBarViewController.swift */; };
		E1799BED2AF4B72C00A69A33 /* UIColor.swift in Sources */ = {isa = PBXBuildFile; fileRef = E1799BEC2AF4B72C00A69A33 /* UIColor.swift */; };
		E1799BEE2AF4B72C00A69A33 /* UIColor.swift in Sources */ = {isa = PBXBuildFile; fileRef = E1799BEC2AF4B72C00A69A33 /* UIColor.swift */; };
		E1799BEF2AF4B72C00A69A33 /* UIColor.swift in Sources */ = {isa = PBXBuildFile; fileRef = E1799BEC2AF4B72C00A69A33 /* UIColor.swift */; };
		E1799BF52AF4BB0000A69A33 /* HomeViewController.swift in Sources */ = {isa = PBXBuildFile; fileRef = E1799BF42AF4BB0000A69A33 /* HomeViewController.swift */; };
		E1799BF62AF4BB0000A69A33 /* HomeViewController.swift in Sources */ = {isa = PBXBuildFile; fileRef = E1799BF42AF4BB0000A69A33 /* HomeViewController.swift */; };
		E1799BF72AF4BB0000A69A33 /* HomeViewController.swift in Sources */ = {isa = PBXBuildFile; fileRef = E1799BF42AF4BB0000A69A33 /* HomeViewController.swift */; };
		E1799BF92AF4BB1F00A69A33 /* StudyListViewController.swift in Sources */ = {isa = PBXBuildFile; fileRef = E1799BF82AF4BB1F00A69A33 /* StudyListViewController.swift */; };
		E1799BFA2AF4BB1F00A69A33 /* StudyListViewController.swift in Sources */ = {isa = PBXBuildFile; fileRef = E1799BF82AF4BB1F00A69A33 /* StudyListViewController.swift */; };
		E1799BFB2AF4BB1F00A69A33 /* StudyListViewController.swift in Sources */ = {isa = PBXBuildFile; fileRef = E1799BF82AF4BB1F00A69A33 /* StudyListViewController.swift */; };
		E1799BFD2AF4BB2900A69A33 /* MypageViewController.swift in Sources */ = {isa = PBXBuildFile; fileRef = E1799BFC2AF4BB2900A69A33 /* MypageViewController.swift */; };
		E1799BFE2AF4BB2900A69A33 /* MypageViewController.swift in Sources */ = {isa = PBXBuildFile; fileRef = E1799BFC2AF4BB2900A69A33 /* MypageViewController.swift */; };
		E1799BFF2AF4BB2900A69A33 /* MypageViewController.swift in Sources */ = {isa = PBXBuildFile; fileRef = E1799BFC2AF4BB2900A69A33 /* MypageViewController.swift */; };
		E1799C012AF4BB3300A69A33 /* MessageViewController.swift in Sources */ = {isa = PBXBuildFile; fileRef = E1799C002AF4BB3300A69A33 /* MessageViewController.swift */; };
		E1799C022AF4BB3300A69A33 /* MessageViewController.swift in Sources */ = {isa = PBXBuildFile; fileRef = E1799C002AF4BB3300A69A33 /* MessageViewController.swift */; };
		E1799C032AF4BB3300A69A33 /* MessageViewController.swift in Sources */ = {isa = PBXBuildFile; fileRef = E1799C002AF4BB3300A69A33 /* MessageViewController.swift */; };
		E1D5CE1A2AF6418C00B02823 /* StudyListModel.swift in Sources */ = {isa = PBXBuildFile; fileRef = E1D5CE192AF6418C00B02823 /* StudyListModel.swift */; };
		E1D5CE1B2AF6418C00B02823 /* StudyListModel.swift in Sources */ = {isa = PBXBuildFile; fileRef = E1D5CE192AF6418C00B02823 /* StudyListModel.swift */; };
		E1D5CE1C2AF6418C00B02823 /* StudyListModel.swift in Sources */ = {isa = PBXBuildFile; fileRef = E1D5CE192AF6418C00B02823 /* StudyListModel.swift */; };
		E1D5CE1E2AF6480200B02823 /* CustomNavigationBar.swift in Sources */ = {isa = PBXBuildFile; fileRef = E1D5CE1D2AF6480200B02823 /* CustomNavigationBar.swift */; };
		E1D5CE1F2AF6480200B02823 /* CustomNavigationBar.swift in Sources */ = {isa = PBXBuildFile; fileRef = E1D5CE1D2AF6480200B02823 /* CustomNavigationBar.swift */; };
		E1D5CE202AF6480200B02823 /* CustomNavigationBar.swift in Sources */ = {isa = PBXBuildFile; fileRef = E1D5CE1D2AF6480200B02823 /* CustomNavigationBar.swift */; };
		E1D5CE222AF64D3000B02823 /* Assets.xcassets in Resources */ = {isa = PBXBuildFile; fileRef = E16C92AF2AE686AA00141952 /* Assets.xcassets */; };
		E1D5CE232AF64D3100B02823 /* Assets.xcassets in Resources */ = {isa = PBXBuildFile; fileRef = E16C92AF2AE686AA00141952 /* Assets.xcassets */; };
		E1D5CE262AF669F000B02823 /* StudyTableViewCell.swift in Sources */ = {isa = PBXBuildFile; fileRef = E1D5CE252AF669F000B02823 /* StudyTableViewCell.swift */; };
		E1D5CE272AF669F000B02823 /* StudyTableViewCell.swift in Sources */ = {isa = PBXBuildFile; fileRef = E1D5CE252AF669F000B02823 /* StudyTableViewCell.swift */; };
		E1D5CE282AF669F000B02823 /* StudyTableViewCell.swift in Sources */ = {isa = PBXBuildFile; fileRef = E1D5CE252AF669F000B02823 /* StudyTableViewCell.swift */; };
		E1F73B362AFA227F00C33DAF /* FilterCollectionViewCell.swift in Sources */ = {isa = PBXBuildFile; fileRef = E1F73B352AFA227F00C33DAF /* FilterCollectionViewCell.swift */; };
		E1F73B372AFA227F00C33DAF /* FilterCollectionViewCell.swift in Sources */ = {isa = PBXBuildFile; fileRef = E1F73B352AFA227F00C33DAF /* FilterCollectionViewCell.swift */; };
		E1F73B382AFA227F00C33DAF /* FilterCollectionViewCell.swift in Sources */ = {isa = PBXBuildFile; fileRef = E1F73B352AFA227F00C33DAF /* FilterCollectionViewCell.swift */; };
/* End PBXBuildFile section */

/* Begin PBXContainerItemProxy section */
		E16C92BA2AE686AA00141952 /* PBXContainerItemProxy */ = {
			isa = PBXContainerItemProxy;
			containerPortal = E16C92982AE686A900141952 /* Project object */;
			proxyType = 1;
			remoteGlobalIDString = E16C929F2AE686A900141952;
			remoteInfo = iOS_201;
		};
		E16C92C42AE686AA00141952 /* PBXContainerItemProxy */ = {
			isa = PBXContainerItemProxy;
			containerPortal = E16C92982AE686A900141952 /* Project object */;
			proxyType = 1;
			remoteGlobalIDString = E16C929F2AE686A900141952;
			remoteInfo = iOS_201;
		};
/* End PBXContainerItemProxy section */

/* Begin PBXFileReference section */
		002095542AF7435A00B02DE4 /* LoginViewModel.swift */ = {isa = PBXFileReference; lastKnownFileType = sourcecode.swift; path = LoginViewModel.swift; sourceTree = "<group>"; };
		002095572AF74C4900B02DE4 /* AuthModel.swift */ = {isa = PBXFileReference; lastKnownFileType = sourcecode.swift; path = AuthModel.swift; sourceTree = "<group>"; };
		002095622AF77A2700B02DE4 /* AppCoordinator.swift */ = {isa = PBXFileReference; lastKnownFileType = sourcecode.swift; path = AppCoordinator.swift; sourceTree = "<group>"; };
		002095642AF77AD700B02DE4 /* OnBoardingViewModel.swift */ = {isa = PBXFileReference; lastKnownFileType = sourcecode.swift; path = OnBoardingViewModel.swift; sourceTree = "<group>"; };
		002095662AF77E1200B02DE4 /* UserService.swift */ = {isa = PBXFileReference; lastKnownFileType = sourcecode.swift; path = UserService.swift; sourceTree = "<group>"; };
		002095682AF7805800B02DE4 /* ErrorModel.swift */ = {isa = PBXFileReference; lastKnownFileType = sourcecode.swift; path = ErrorModel.swift; sourceTree = "<group>"; };
		0020956A2AF7849200B02DE4 /* NicknameModel.swift */ = {isa = PBXFileReference; lastKnownFileType = sourcecode.swift; path = NicknameModel.swift; sourceTree = "<group>"; };
		0020956C2AF786E200B02DE4 /* OnBoardingModel.swift */ = {isa = PBXFileReference; lastKnownFileType = sourcecode.swift; path = OnBoardingModel.swift; sourceTree = "<group>"; };
		0020956E2AF78BDF00B02DE4 /* UITextField.swift */ = {isa = PBXFileReference; lastKnownFileType = sourcecode.swift; path = UITextField.swift; sourceTree = "<group>"; };
		003DB96A2AF9EDFC00903AF8 /* UIButton.swift */ = {isa = PBXFileReference; lastKnownFileType = sourcecode.swift; path = UIButton.swift; sourceTree = "<group>"; };
		00A10AA52AF650CD009DF4BC /* LoginViewController.swift */ = {isa = PBXFileReference; lastKnownFileType = sourcecode.swift; path = LoginViewController.swift; sourceTree = "<group>"; };
		00A10AA92AF65947009DF4BC /* UIImage.swift */ = {isa = PBXFileReference; lastKnownFileType = sourcecode.swift; path = UIImage.swift; sourceTree = "<group>"; };
		00A10AAC2AF66B2C009DF4BC /* OnBoardingViewController.swift */ = {isa = PBXFileReference; lastKnownFileType = sourcecode.swift; path = OnBoardingViewController.swift; sourceTree = "<group>"; };
		00A10AB12AF6ED8A009DF4BC /* AuthService.swift */ = {isa = PBXFileReference; lastKnownFileType = sourcecode.swift; path = AuthService.swift; sourceTree = "<group>"; };
		00C784692AF90D2A00A0FFA7 /* UITextView.swift */ = {isa = PBXFileReference; lastKnownFileType = sourcecode.swift; path = UITextView.swift; sourceTree = "<group>"; };
		0346F03350D434D946FA38FE /* Pods-iOS_201Tests.debug.xcconfig */ = {isa = PBXFileReference; includeInIndex = 1; lastKnownFileType = text.xcconfig; name = "Pods-iOS_201Tests.debug.xcconfig"; path = "Target Support Files/Pods-iOS_201Tests/Pods-iOS_201Tests.debug.xcconfig"; sourceTree = "<group>"; };
		39EF6BB4D54E0FB04FC8C006 /* Pods-iOS_201Tests.release.xcconfig */ = {isa = PBXFileReference; includeInIndex = 1; lastKnownFileType = text.xcconfig; name = "Pods-iOS_201Tests.release.xcconfig"; path = "Target Support Files/Pods-iOS_201Tests/Pods-iOS_201Tests.release.xcconfig"; sourceTree = "<group>"; };
		48AAC6B30D58FBD096902EE7 /* Pods-iOS_201-iOS_201UITests.debug.xcconfig */ = {isa = PBXFileReference; includeInIndex = 1; lastKnownFileType = text.xcconfig; name = "Pods-iOS_201-iOS_201UITests.debug.xcconfig"; path = "Target Support Files/Pods-iOS_201-iOS_201UITests/Pods-iOS_201-iOS_201UITests.debug.xcconfig"; sourceTree = "<group>"; };
		96DCA3DBA451A66C118DE80E /* Pods-iOS_201-iOS_201UITests.release.xcconfig */ = {isa = PBXFileReference; includeInIndex = 1; lastKnownFileType = text.xcconfig; name = "Pods-iOS_201-iOS_201UITests.release.xcconfig"; path = "Target Support Files/Pods-iOS_201-iOS_201UITests/Pods-iOS_201-iOS_201UITests.release.xcconfig"; sourceTree = "<group>"; };
		AF548CE4AD6EE95C0AAE6A10 /* Pods-iOS_201.release.xcconfig */ = {isa = PBXFileReference; includeInIndex = 1; lastKnownFileType = text.xcconfig; name = "Pods-iOS_201.release.xcconfig"; path = "Target Support Files/Pods-iOS_201/Pods-iOS_201.release.xcconfig"; sourceTree = "<group>"; };
		BF0B86635ABBA38B6234E0CA /* Pods-iOS_201.debug.xcconfig */ = {isa = PBXFileReference; includeInIndex = 1; lastKnownFileType = text.xcconfig; name = "Pods-iOS_201.debug.xcconfig"; path = "Target Support Files/Pods-iOS_201/Pods-iOS_201.debug.xcconfig"; sourceTree = "<group>"; };
		C9D289F5E609236BA7C97AC6 /* Pods_iOS_201_iOS_201UITests.framework */ = {isa = PBXFileReference; explicitFileType = wrapper.framework; includeInIndex = 0; path = Pods_iOS_201_iOS_201UITests.framework; sourceTree = BUILT_PRODUCTS_DIR; };
		E10ADA8E2B05B40900A286E3 /* CreateStudyViewController.swift */ = {isa = PBXFileReference; lastKnownFileType = sourcecode.swift; path = CreateStudyViewController.swift; sourceTree = "<group>"; };
		E1598CEE2AF776A400677F45 /* StudyListViewModel.swift */ = {isa = PBXFileReference; lastKnownFileType = sourcecode.swift; path = StudyListViewModel.swift; sourceTree = "<group>"; };
		E1598CF22AF78C3400677F45 /* UIViewController.swift */ = {isa = PBXFileReference; lastKnownFileType = sourcecode.swift; path = UIViewController.swift; sourceTree = "<group>"; };
		E1598CF62AF7935500677F45 /* LodingTableViewCell.swift */ = {isa = PBXFileReference; lastKnownFileType = sourcecode.swift; path = LodingTableViewCell.swift; sourceTree = "<group>"; };
		E16C92A02AE686A900141952 /* iOS_201.app */ = {isa = PBXFileReference; explicitFileType = wrapper.application; includeInIndex = 0; path = iOS_201.app; sourceTree = BUILT_PRODUCTS_DIR; };
		E16C92A32AE686A900141952 /* AppDelegate.swift */ = {isa = PBXFileReference; lastKnownFileType = sourcecode.swift; path = AppDelegate.swift; sourceTree = "<group>"; };
		E16C92A52AE686A900141952 /* SceneDelegate.swift */ = {isa = PBXFileReference; lastKnownFileType = sourcecode.swift; path = SceneDelegate.swift; sourceTree = "<group>"; };
		E16C92AD2AE686A900141952 /* iOS_201.xcdatamodel */ = {isa = PBXFileReference; lastKnownFileType = wrapper.xcdatamodel; path = iOS_201.xcdatamodel; sourceTree = "<group>"; };
		E16C92AF2AE686AA00141952 /* Assets.xcassets */ = {isa = PBXFileReference; lastKnownFileType = folder.assetcatalog; path = Assets.xcassets; sourceTree = "<group>"; };
		E16C92B22AE686AA00141952 /* Base */ = {isa = PBXFileReference; lastKnownFileType = file.storyboard; name = Base; path = Base.lproj/LaunchScreen.storyboard; sourceTree = "<group>"; };
		E16C92B42AE686AA00141952 /* Info.plist */ = {isa = PBXFileReference; lastKnownFileType = text.plist.xml; path = Info.plist; sourceTree = "<group>"; };
		E16C92B92AE686AA00141952 /* iOS_201Tests.xctest */ = {isa = PBXFileReference; explicitFileType = wrapper.cfbundle; includeInIndex = 0; path = iOS_201Tests.xctest; sourceTree = BUILT_PRODUCTS_DIR; };
		E16C92BD2AE686AA00141952 /* iOS_201Tests.swift */ = {isa = PBXFileReference; lastKnownFileType = sourcecode.swift; path = iOS_201Tests.swift; sourceTree = "<group>"; };
		E16C92C32AE686AA00141952 /* iOS_201UITests.xctest */ = {isa = PBXFileReference; explicitFileType = wrapper.cfbundle; includeInIndex = 0; path = iOS_201UITests.xctest; sourceTree = BUILT_PRODUCTS_DIR; };
		E16C92C72AE686AA00141952 /* iOS_201UITests.swift */ = {isa = PBXFileReference; lastKnownFileType = sourcecode.swift; path = iOS_201UITests.swift; sourceTree = "<group>"; };
		E16C92C92AE686AA00141952 /* iOS_201UITestsLaunchTests.swift */ = {isa = PBXFileReference; lastKnownFileType = sourcecode.swift; path = iOS_201UITestsLaunchTests.swift; sourceTree = "<group>"; };
		E1799BE62AF4ADDC00A69A33 /* CustomTabBarViewController.swift */ = {isa = PBXFileReference; lastKnownFileType = sourcecode.swift; path = CustomTabBarViewController.swift; sourceTree = "<group>"; };
		E1799BEC2AF4B72C00A69A33 /* UIColor.swift */ = {isa = PBXFileReference; lastKnownFileType = sourcecode.swift; path = UIColor.swift; sourceTree = "<group>"; };
		E1799BF42AF4BB0000A69A33 /* HomeViewController.swift */ = {isa = PBXFileReference; lastKnownFileType = sourcecode.swift; path = HomeViewController.swift; sourceTree = "<group>"; };
		E1799BF82AF4BB1F00A69A33 /* StudyListViewController.swift */ = {isa = PBXFileReference; lastKnownFileType = sourcecode.swift; path = StudyListViewController.swift; sourceTree = "<group>"; };
		E1799BFC2AF4BB2900A69A33 /* MypageViewController.swift */ = {isa = PBXFileReference; lastKnownFileType = sourcecode.swift; path = MypageViewController.swift; sourceTree = "<group>"; };
		E1799C002AF4BB3300A69A33 /* MessageViewController.swift */ = {isa = PBXFileReference; lastKnownFileType = sourcecode.swift; path = MessageViewController.swift; sourceTree = "<group>"; };
		E1D5CE192AF6418C00B02823 /* StudyListModel.swift */ = {isa = PBXFileReference; lastKnownFileType = sourcecode.swift; path = StudyListModel.swift; sourceTree = "<group>"; };
		E1D5CE1D2AF6480200B02823 /* CustomNavigationBar.swift */ = {isa = PBXFileReference; lastKnownFileType = sourcecode.swift; path = CustomNavigationBar.swift; sourceTree = "<group>"; };
		E1D5CE252AF669F000B02823 /* StudyTableViewCell.swift */ = {isa = PBXFileReference; lastKnownFileType = sourcecode.swift; path = StudyTableViewCell.swift; sourceTree = "<group>"; };
		E1F73B352AFA227F00C33DAF /* FilterCollectionViewCell.swift */ = {isa = PBXFileReference; fileEncoding = 4; lastKnownFileType = sourcecode.swift; path = FilterCollectionViewCell.swift; sourceTree = "<group>"; };
		F1A54D5350CB8A12B6C05209 /* Pods_iOS_201.framework */ = {isa = PBXFileReference; explicitFileType = wrapper.framework; includeInIndex = 0; path = Pods_iOS_201.framework; sourceTree = BUILT_PRODUCTS_DIR; };
		FE74DA1177D8A4F11AA5C737 /* Pods_iOS_201Tests.framework */ = {isa = PBXFileReference; explicitFileType = wrapper.framework; includeInIndex = 0; path = Pods_iOS_201Tests.framework; sourceTree = BUILT_PRODUCTS_DIR; };
/* End PBXFileReference section */

/* Begin PBXFrameworksBuildPhase section */
		E16C929D2AE686A900141952 /* Frameworks */ = {
			isa = PBXFrameworksBuildPhase;
			buildActionMask = 2147483647;
			files = (
				1AE1E41B0383BF6663752C79 /* Pods_iOS_201.framework in Frameworks */,
			);
			runOnlyForDeploymentPostprocessing = 0;
		};
		E16C92B62AE686AA00141952 /* Frameworks */ = {
			isa = PBXFrameworksBuildPhase;
			buildActionMask = 2147483647;
			files = (
				78F317F05B6D2F035914518F /* Pods_iOS_201Tests.framework in Frameworks */,
			);
			runOnlyForDeploymentPostprocessing = 0;
		};
		E16C92C02AE686AA00141952 /* Frameworks */ = {
			isa = PBXFrameworksBuildPhase;
			buildActionMask = 2147483647;
			files = (
				74826A81EBBDCFD90B4CE793 /* Pods_iOS_201_iOS_201UITests.framework in Frameworks */,
			);
			runOnlyForDeploymentPostprocessing = 0;
		};
/* End PBXFrameworksBuildPhase section */

/* Begin PBXGroup section */
		002095562AF74C3600B02DE4 /* Model */ = {
			isa = PBXGroup;
			children = (
				002095572AF74C4900B02DE4 /* AuthModel.swift */,
				002095682AF7805800B02DE4 /* ErrorModel.swift */,
				0020956A2AF7849200B02DE4 /* NicknameModel.swift */,
				0020956C2AF786E200B02DE4 /* OnBoardingModel.swift */,
			);
			path = Model;
			sourceTree = "<group>";
		};
		002095612AF77A1100B02DE4 /* Coordinator */ = {
			isa = PBXGroup;
			children = (
				002095622AF77A2700B02DE4 /* AppCoordinator.swift */,
			);
			path = Coordinator;
			sourceTree = "<group>";
		};
		00A10AA42AF650BF009DF4BC /* Login */ = {
			isa = PBXGroup;
			children = (
				00A10AA52AF650CD009DF4BC /* LoginViewController.swift */,
				002095542AF7435A00B02DE4 /* LoginViewModel.swift */,
			);
			path = Login;
			sourceTree = "<group>";
		};
		00A10AAB2AF66B13009DF4BC /* OnBoarding */ = {
			isa = PBXGroup;
			children = (
				00A10AAC2AF66B2C009DF4BC /* OnBoardingViewController.swift */,
				002095642AF77AD700B02DE4 /* OnBoardingViewModel.swift */,
			);
			path = OnBoarding;
			sourceTree = "<group>";
		};
		00A10AB02AF6ED7A009DF4BC /* Service */ = {
			isa = PBXGroup;
			children = (
				00A10AB12AF6ED8A009DF4BC /* AuthService.swift */,
				002095662AF77E1200B02DE4 /* UserService.swift */,
			);
			path = Service;
			sourceTree = "<group>";
		};
		6764FE488650F96EC2187FEB /* Pods */ = {
			isa = PBXGroup;
			children = (
				BF0B86635ABBA38B6234E0CA /* Pods-iOS_201.debug.xcconfig */,
				AF548CE4AD6EE95C0AAE6A10 /* Pods-iOS_201.release.xcconfig */,
				48AAC6B30D58FBD096902EE7 /* Pods-iOS_201-iOS_201UITests.debug.xcconfig */,
				96DCA3DBA451A66C118DE80E /* Pods-iOS_201-iOS_201UITests.release.xcconfig */,
				0346F03350D434D946FA38FE /* Pods-iOS_201Tests.debug.xcconfig */,
				39EF6BB4D54E0FB04FC8C006 /* Pods-iOS_201Tests.release.xcconfig */,
			);
			path = Pods;
			sourceTree = "<group>";
		};
		98D68E9381B307F53D5231BD /* Frameworks */ = {
			isa = PBXGroup;
			children = (
				F1A54D5350CB8A12B6C05209 /* Pods_iOS_201.framework */,
				C9D289F5E609236BA7C97AC6 /* Pods_iOS_201_iOS_201UITests.framework */,
				FE74DA1177D8A4F11AA5C737 /* Pods_iOS_201Tests.framework */,
			);
			name = Frameworks;
			sourceTree = "<group>";
		};
		E10ADA8A2B05B39400A286E3 /* CreateStudy */ = {
			isa = PBXGroup;
			children = (
				E10ADA8D2B05B3F500A286E3 /* ViewModel */,
				E10ADA8C2B05B3F300A286E3 /* Model */,
				E10ADA8B2B05B3EF00A286E3 /* View */,
			);
			path = CreateStudy;
			sourceTree = "<group>";
		};
		E10ADA8B2B05B3EF00A286E3 /* View */ = {
			isa = PBXGroup;
			children = (
				E10ADA8E2B05B40900A286E3 /* CreateStudyViewController.swift */,
			);
			path = View;
			sourceTree = "<group>";
		};
		E10ADA8C2B05B3F300A286E3 /* Model */ = {
			isa = PBXGroup;
			children = (
			);
			path = Model;
			sourceTree = "<group>";
		};
		E10ADA8D2B05B3F500A286E3 /* ViewModel */ = {
			isa = PBXGroup;
			children = (
			);
			path = ViewModel;
			sourceTree = "<group>";
		};
		E16C92972AE686A900141952 = {
			isa = PBXGroup;
			children = (
				E16C92A22AE686A900141952 /* iOS_201 */,
				E16C92BC2AE686AA00141952 /* iOS_201Tests */,
				E16C92C62AE686AA00141952 /* iOS_201UITests */,
				E16C92A12AE686A900141952 /* Products */,
				6764FE488650F96EC2187FEB /* Pods */,
				98D68E9381B307F53D5231BD /* Frameworks */,
			);
			sourceTree = "<group>";
		};
		E16C92A12AE686A900141952 /* Products */ = {
			isa = PBXGroup;
			children = (
				E16C92A02AE686A900141952 /* iOS_201.app */,
				E16C92B92AE686AA00141952 /* iOS_201Tests.xctest */,
				E16C92C32AE686AA00141952 /* iOS_201UITests.xctest */,
			);
			name = Products;
			sourceTree = "<group>";
		};
		E16C92A22AE686A900141952 /* iOS_201 */ = {
			isa = PBXGroup;
			children = (
				002095612AF77A1100B02DE4 /* Coordinator */,
				002095562AF74C3600B02DE4 /* Model */,
				00A10AB02AF6ED7A009DF4BC /* Service */,
				00A10AAB2AF66B13009DF4BC /* OnBoarding */,
				00A10AA42AF650BF009DF4BC /* Login */,
				E16C92B42AE686AA00141952 /* Info.plist */,
				E16D5C642AF10BFF00D19882 /* Resources */,
				E1799BEB2AF4B71F00A69A33 /* Extension */,
				E1799BE52AF4ADAA00A69A33 /* Custom */,
				E1799BF02AF4BAC900A69A33 /* Home */,
				E1799BF12AF4BACE00A69A33 /* StudyList */,
				E1799BF22AF4BAD300A69A33 /* Message */,
				E1799BF32AF4BADF00A69A33 /* MyPage */,
			);
			path = iOS_201;
			sourceTree = "<group>";
		};
		E16C92BC2AE686AA00141952 /* iOS_201Tests */ = {
			isa = PBXGroup;
			children = (
				E16C92BD2AE686AA00141952 /* iOS_201Tests.swift */,
			);
			path = iOS_201Tests;
			sourceTree = "<group>";
		};
		E16C92C62AE686AA00141952 /* iOS_201UITests */ = {
			isa = PBXGroup;
			children = (
				E16C92C72AE686AA00141952 /* iOS_201UITests.swift */,
				E16C92C92AE686AA00141952 /* iOS_201UITestsLaunchTests.swift */,
			);
			path = iOS_201UITests;
			sourceTree = "<group>";
		};
		E16D5C642AF10BFF00D19882 /* Resources */ = {
			isa = PBXGroup;
			children = (
				E16C92A32AE686A900141952 /* AppDelegate.swift */,
				E16C92A52AE686A900141952 /* SceneDelegate.swift */,
				E16C92AF2AE686AA00141952 /* Assets.xcassets */,
				E16C92B12AE686AA00141952 /* LaunchScreen.storyboard */,
				E16C92AC2AE686A900141952 /* iOS_201.xcdatamodeld */,
			);
			path = Resources;
			sourceTree = "<group>";
		};
		E1799BE52AF4ADAA00A69A33 /* Custom */ = {
			isa = PBXGroup;
			children = (
				E1799BE62AF4ADDC00A69A33 /* CustomTabBarViewController.swift */,
				E1D5CE1D2AF6480200B02823 /* CustomNavigationBar.swift */,
			);
			path = Custom;
			sourceTree = "<group>";
		};
		E1799BEB2AF4B71F00A69A33 /* Extension */ = {
			isa = PBXGroup;
			children = (
				E1799BEC2AF4B72C00A69A33 /* UIColor.swift */,
				E1598CF22AF78C3400677F45 /* UIViewController.swift */,
				00A10AA92AF65947009DF4BC /* UIImage.swift */,
				0020956E2AF78BDF00B02DE4 /* UITextField.swift */,
				00C784692AF90D2A00A0FFA7 /* UITextView.swift */,
				003DB96A2AF9EDFC00903AF8 /* UIButton.swift */,
			);
			path = Extension;
			sourceTree = "<group>";
		};
		E1799BF02AF4BAC900A69A33 /* Home */ = {
			isa = PBXGroup;
			children = (
				E1799BF42AF4BB0000A69A33 /* HomeViewController.swift */,
			);
			path = Home;
			sourceTree = "<group>";
		};
		E1799BF12AF4BACE00A69A33 /* StudyList */ = {
			isa = PBXGroup;
			children = (
				E10ADA8A2B05B39400A286E3 /* CreateStudy */,
				E1D5CE182AF6416B00B02823 /* ViewModel */,
				E1D5CE172AF6416900B02823 /* Model */,
				E1D5CE162AF6416600B02823 /* View */,
			);
			path = StudyList;
			sourceTree = "<group>";
		};
		E1799BF22AF4BAD300A69A33 /* Message */ = {
			isa = PBXGroup;
			children = (
				E1799C002AF4BB3300A69A33 /* MessageViewController.swift */,
			);
			path = Message;
			sourceTree = "<group>";
		};
		E1799BF32AF4BADF00A69A33 /* MyPage */ = {
			isa = PBXGroup;
			children = (
				E1799BFC2AF4BB2900A69A33 /* MypageViewController.swift */,
			);
			path = MyPage;
			sourceTree = "<group>";
		};
		E1D5CE162AF6416600B02823 /* View */ = {
			isa = PBXGroup;
			children = (
				E1799BF82AF4BB1F00A69A33 /* StudyListViewController.swift */,
				E1598CF62AF7935500677F45 /* LodingTableViewCell.swift */,
				E1D5CE252AF669F000B02823 /* StudyTableViewCell.swift */,
				E1F73B352AFA227F00C33DAF /* FilterCollectionViewCell.swift */,
			);
			path = View;
			sourceTree = "<group>";
		};
		E1D5CE172AF6416900B02823 /* Model */ = {
			isa = PBXGroup;
			children = (
				E1D5CE192AF6418C00B02823 /* StudyListModel.swift */,
			);
			path = Model;
			sourceTree = "<group>";
		};
		E1D5CE182AF6416B00B02823 /* ViewModel */ = {
			isa = PBXGroup;
			children = (
				E1598CEE2AF776A400677F45 /* StudyListViewModel.swift */,
			);
			path = ViewModel;
			sourceTree = "<group>";
		};
/* End PBXGroup section */

/* Begin PBXNativeTarget section */
		E16C929F2AE686A900141952 /* iOS_201 */ = {
			isa = PBXNativeTarget;
			buildConfigurationList = E16C92CD2AE686AA00141952 /* Build configuration list for PBXNativeTarget "iOS_201" */;
			buildPhases = (
				56B5363F0667AC097DDF3184 /* [CP] Check Pods Manifest.lock */,
				E16C929C2AE686A900141952 /* Sources */,
				E16C929D2AE686A900141952 /* Frameworks */,
				E16C929E2AE686A900141952 /* Resources */,
				D83E4535456D1EA878B42197 /* [CP] Embed Pods Frameworks */,
			);
			buildRules = (
			);
			dependencies = (
			);
			name = iOS_201;
			productName = iOS_201;
			productReference = E16C92A02AE686A900141952 /* iOS_201.app */;
			productType = "com.apple.product-type.application";
		};
		E16C92B82AE686AA00141952 /* iOS_201Tests */ = {
			isa = PBXNativeTarget;
			buildConfigurationList = E16C92D02AE686AA00141952 /* Build configuration list for PBXNativeTarget "iOS_201Tests" */;
			buildPhases = (
				F404279EB57D3E7A221C3775 /* [CP] Check Pods Manifest.lock */,
				E16C92B52AE686AA00141952 /* Sources */,
				E16C92B62AE686AA00141952 /* Frameworks */,
				E16C92B72AE686AA00141952 /* Resources */,
				F8C7E115C50B1B07AFE1573D /* [CP] Embed Pods Frameworks */,
				0B5FDB5F690C4F7DA84A16FC /* [CP] Embed Pods Frameworks */,
			);
			buildRules = (
			);
			dependencies = (
				E16C92BB2AE686AA00141952 /* PBXTargetDependency */,
			);
			name = iOS_201Tests;
			productName = iOS_201Tests;
			productReference = E16C92B92AE686AA00141952 /* iOS_201Tests.xctest */;
			productType = "com.apple.product-type.bundle.unit-test";
		};
		E16C92C22AE686AA00141952 /* iOS_201UITests */ = {
			isa = PBXNativeTarget;
			buildConfigurationList = E16C92D32AE686AA00141952 /* Build configuration list for PBXNativeTarget "iOS_201UITests" */;
			buildPhases = (
				99D195A4EA4A5154D05497AE /* [CP] Check Pods Manifest.lock */,
				E16C92BF2AE686AA00141952 /* Sources */,
				E16C92C02AE686AA00141952 /* Frameworks */,
				E16C92C12AE686AA00141952 /* Resources */,
				FB653E119F725974DBAB2FDF /* [CP] Embed Pods Frameworks */,
			);
			buildRules = (
			);
			dependencies = (
				E16C92C52AE686AA00141952 /* PBXTargetDependency */,
			);
			name = iOS_201UITests;
			productName = iOS_201UITests;
			productReference = E16C92C32AE686AA00141952 /* iOS_201UITests.xctest */;
			productType = "com.apple.product-type.bundle.ui-testing";
		};
/* End PBXNativeTarget section */

/* Begin PBXProject section */
		E16C92982AE686A900141952 /* Project object */ = {
			isa = PBXProject;
			attributes = {
				BuildIndependentTargetsInParallel = 1;
				LastSwiftUpdateCheck = 1430;
				LastUpgradeCheck = 1430;
				TargetAttributes = {
					E16C929F2AE686A900141952 = {
						CreatedOnToolsVersion = 14.3.1;
					};
					E16C92B82AE686AA00141952 = {
						CreatedOnToolsVersion = 14.3.1;
						TestTargetID = E16C929F2AE686A900141952;
					};
					E16C92C22AE686AA00141952 = {
						CreatedOnToolsVersion = 14.3.1;
						TestTargetID = E16C929F2AE686A900141952;
					};
				};
			};
			buildConfigurationList = E16C929B2AE686A900141952 /* Build configuration list for PBXProject "iOS_201" */;
			compatibilityVersion = "Xcode 14.0";
			developmentRegion = en;
			hasScannedForEncodings = 0;
			knownRegions = (
				en,
				Base,
			);
			mainGroup = E16C92972AE686A900141952;
			productRefGroup = E16C92A12AE686A900141952 /* Products */;
			projectDirPath = "";
			projectRoot = "";
			targets = (
				E16C929F2AE686A900141952 /* iOS_201 */,
				E16C92B82AE686AA00141952 /* iOS_201Tests */,
				E16C92C22AE686AA00141952 /* iOS_201UITests */,
			);
		};
/* End PBXProject section */

/* Begin PBXResourcesBuildPhase section */
		E16C929E2AE686A900141952 /* Resources */ = {
			isa = PBXResourcesBuildPhase;
			buildActionMask = 2147483647;
			files = (
				E16C92B32AE686AA00141952 /* LaunchScreen.storyboard in Resources */,
				E16C92B02AE686AA00141952 /* Assets.xcassets in Resources */,
			);
			runOnlyForDeploymentPostprocessing = 0;
		};
		E16C92B72AE686AA00141952 /* Resources */ = {
			isa = PBXResourcesBuildPhase;
			buildActionMask = 2147483647;
			files = (
				E1D5CE222AF64D3000B02823 /* Assets.xcassets in Resources */,
			);
			runOnlyForDeploymentPostprocessing = 0;
		};
		E16C92C12AE686AA00141952 /* Resources */ = {
			isa = PBXResourcesBuildPhase;
			buildActionMask = 2147483647;
			files = (
				E1D5CE232AF64D3100B02823 /* Assets.xcassets in Resources */,
			);
			runOnlyForDeploymentPostprocessing = 0;
		};
/* End PBXResourcesBuildPhase section */

/* Begin PBXShellScriptBuildPhase section */
		0B5FDB5F690C4F7DA84A16FC /* [CP] Embed Pods Frameworks */ = {
			isa = PBXShellScriptBuildPhase;
			buildActionMask = 2147483647;
			files = (
			);
			inputFileListPaths = (
				"${PODS_ROOT}/Target Support Files/Pods-iOS_201Tests/Pods-iOS_201Tests-frameworks-${CONFIGURATION}-input-files.xcfilelist",
			);
			name = "[CP] Embed Pods Frameworks";
			outputFileListPaths = (
				"${PODS_ROOT}/Target Support Files/Pods-iOS_201Tests/Pods-iOS_201Tests-frameworks-${CONFIGURATION}-output-files.xcfilelist",
			);
			runOnlyForDeploymentPostprocessing = 0;
			shellPath = /bin/sh;
			shellScript = "\"${PODS_ROOT}/Target Support Files/Pods-iOS_201Tests/Pods-iOS_201Tests-frameworks.sh\"\n";
			showEnvVarsInLog = 0;
		};
		56B5363F0667AC097DDF3184 /* [CP] Check Pods Manifest.lock */ = {
			isa = PBXShellScriptBuildPhase;
			buildActionMask = 2147483647;
			files = (
			);
			inputFileListPaths = (
			);
			inputPaths = (
				"${PODS_PODFILE_DIR_PATH}/Podfile.lock",
				"${PODS_ROOT}/Manifest.lock",
			);
			name = "[CP] Check Pods Manifest.lock";
			outputFileListPaths = (
			);
			outputPaths = (
				"$(DERIVED_FILE_DIR)/Pods-iOS_201-checkManifestLockResult.txt",
			);
			runOnlyForDeploymentPostprocessing = 0;
			shellPath = /bin/sh;
			shellScript = "diff \"${PODS_PODFILE_DIR_PATH}/Podfile.lock\" \"${PODS_ROOT}/Manifest.lock\" > /dev/null\nif [ $? != 0 ] ; then\n    # print error to STDERR\n    echo \"error: The sandbox is not in sync with the Podfile.lock. Run 'pod install' or update your CocoaPods installation.\" >&2\n    exit 1\nfi\n# This output is used by Xcode 'outputs' to avoid re-running this script phase.\necho \"SUCCESS\" > \"${SCRIPT_OUTPUT_FILE_0}\"\n";
			showEnvVarsInLog = 0;
		};
		99D195A4EA4A5154D05497AE /* [CP] Check Pods Manifest.lock */ = {
			isa = PBXShellScriptBuildPhase;
			buildActionMask = 2147483647;
			files = (
			);
			inputFileListPaths = (
			);
			inputPaths = (
				"${PODS_PODFILE_DIR_PATH}/Podfile.lock",
				"${PODS_ROOT}/Manifest.lock",
			);
			name = "[CP] Check Pods Manifest.lock";
			outputFileListPaths = (
			);
			outputPaths = (
				"$(DERIVED_FILE_DIR)/Pods-iOS_201-iOS_201UITests-checkManifestLockResult.txt",
			);
			runOnlyForDeploymentPostprocessing = 0;
			shellPath = /bin/sh;
			shellScript = "diff \"${PODS_PODFILE_DIR_PATH}/Podfile.lock\" \"${PODS_ROOT}/Manifest.lock\" > /dev/null\nif [ $? != 0 ] ; then\n    # print error to STDERR\n    echo \"error: The sandbox is not in sync with the Podfile.lock. Run 'pod install' or update your CocoaPods installation.\" >&2\n    exit 1\nfi\n# This output is used by Xcode 'outputs' to avoid re-running this script phase.\necho \"SUCCESS\" > \"${SCRIPT_OUTPUT_FILE_0}\"\n";
			showEnvVarsInLog = 0;
		};
		D83E4535456D1EA878B42197 /* [CP] Embed Pods Frameworks */ = {
			isa = PBXShellScriptBuildPhase;
			buildActionMask = 2147483647;
			files = (
			);
			inputFileListPaths = (
				"${PODS_ROOT}/Target Support Files/Pods-iOS_201/Pods-iOS_201-frameworks-${CONFIGURATION}-input-files.xcfilelist",
			);
			name = "[CP] Embed Pods Frameworks";
			outputFileListPaths = (
				"${PODS_ROOT}/Target Support Files/Pods-iOS_201/Pods-iOS_201-frameworks-${CONFIGURATION}-output-files.xcfilelist",
			);
			runOnlyForDeploymentPostprocessing = 0;
			shellPath = /bin/sh;
			shellScript = "\"${PODS_ROOT}/Target Support Files/Pods-iOS_201/Pods-iOS_201-frameworks.sh\"\n";
			showEnvVarsInLog = 0;
		};
		F404279EB57D3E7A221C3775 /* [CP] Check Pods Manifest.lock */ = {
			isa = PBXShellScriptBuildPhase;
			buildActionMask = 2147483647;
			files = (
			);
			inputFileListPaths = (
			);
			inputPaths = (
				"${PODS_PODFILE_DIR_PATH}/Podfile.lock",
				"${PODS_ROOT}/Manifest.lock",
			);
			name = "[CP] Check Pods Manifest.lock";
			outputFileListPaths = (
			);
			outputPaths = (
				"$(DERIVED_FILE_DIR)/Pods-iOS_201Tests-checkManifestLockResult.txt",
			);
			runOnlyForDeploymentPostprocessing = 0;
			shellPath = /bin/sh;
			shellScript = "diff \"${PODS_PODFILE_DIR_PATH}/Podfile.lock\" \"${PODS_ROOT}/Manifest.lock\" > /dev/null\nif [ $? != 0 ] ; then\n    # print error to STDERR\n    echo \"error: The sandbox is not in sync with the Podfile.lock. Run 'pod install' or update your CocoaPods installation.\" >&2\n    exit 1\nfi\n# This output is used by Xcode 'outputs' to avoid re-running this script phase.\necho \"SUCCESS\" > \"${SCRIPT_OUTPUT_FILE_0}\"\n";
			showEnvVarsInLog = 0;
		};
		F8C7E115C50B1B07AFE1573D /* [CP] Embed Pods Frameworks */ = {
			isa = PBXShellScriptBuildPhase;
			buildActionMask = 2147483647;
			files = (
			);
			inputFileListPaths = (
				"${PODS_ROOT}/Target Support Files/Pods-iOS_201Tests/Pods-iOS_201Tests-frameworks-${CONFIGURATION}-input-files.xcfilelist",
			);
			name = "[CP] Embed Pods Frameworks";
			outputFileListPaths = (
				"${PODS_ROOT}/Target Support Files/Pods-iOS_201Tests/Pods-iOS_201Tests-frameworks-${CONFIGURATION}-output-files.xcfilelist",
			);
			runOnlyForDeploymentPostprocessing = 0;
			shellPath = /bin/sh;
			shellScript = "\"${PODS_ROOT}/Target Support Files/Pods-iOS_201Tests/Pods-iOS_201Tests-frameworks.sh\"\n";
			showEnvVarsInLog = 0;
		};
		FB653E119F725974DBAB2FDF /* [CP] Embed Pods Frameworks */ = {
			isa = PBXShellScriptBuildPhase;
			buildActionMask = 2147483647;
			files = (
			);
			inputFileListPaths = (
				"${PODS_ROOT}/Target Support Files/Pods-iOS_201-iOS_201UITests/Pods-iOS_201-iOS_201UITests-frameworks-${CONFIGURATION}-input-files.xcfilelist",
			);
			name = "[CP] Embed Pods Frameworks";
			outputFileListPaths = (
				"${PODS_ROOT}/Target Support Files/Pods-iOS_201-iOS_201UITests/Pods-iOS_201-iOS_201UITests-frameworks-${CONFIGURATION}-output-files.xcfilelist",
			);
			runOnlyForDeploymentPostprocessing = 0;
			shellPath = /bin/sh;
			shellScript = "\"${PODS_ROOT}/Target Support Files/Pods-iOS_201-iOS_201UITests/Pods-iOS_201-iOS_201UITests-frameworks.sh\"\n";
			showEnvVarsInLog = 0;
		};
/* End PBXShellScriptBuildPhase section */

/* Begin PBXSourcesBuildPhase section */
		E16C929C2AE686A900141952 /* Sources */ = {
			isa = PBXSourcesBuildPhase;
			buildActionMask = 2147483647;
			files = (
				E1598CEF2AF776A400677F45 /* StudyListViewModel.swift in Sources */,
				E1D5CE1E2AF6480200B02823 /* CustomNavigationBar.swift in Sources */,
				E1799BFD2AF4BB2900A69A33 /* MypageViewController.swift in Sources */,
				00A10AAA2AF65947009DF4BC /* UIImage.swift in Sources */,
				E10ADA8F2B05B40900A286E3 /* CreateStudyViewController.swift in Sources */,
				002095672AF77E1200B02DE4 /* UserService.swift in Sources */,
				0020956F2AF78BDF00B02DE4 /* UITextField.swift in Sources */,
				E1799BED2AF4B72C00A69A33 /* UIColor.swift in Sources */,
				E1598CF72AF7935500677F45 /* LodingTableViewCell.swift in Sources */,
				E1D5CE1A2AF6418C00B02823 /* StudyListModel.swift in Sources */,
				E1F73B362AFA227F00C33DAF /* FilterCollectionViewCell.swift in Sources */,
				00A10AAD2AF66B2C009DF4BC /* OnBoardingViewController.swift in Sources */,
				0020956B2AF7849200B02DE4 /* NicknameModel.swift in Sources */,
				002095632AF77A2700B02DE4 /* AppCoordinator.swift in Sources */,
				E1799BE72AF4ADDC00A69A33 /* CustomTabBarViewController.swift in Sources */,
				E1799C012AF4BB3300A69A33 /* MessageViewController.swift in Sources */,
				002095692AF7805800B02DE4 /* ErrorModel.swift in Sources */,
				003DB96B2AF9EDFC00903AF8 /* UIButton.swift in Sources */,
				002095552AF7435A00B02DE4 /* LoginViewModel.swift in Sources */,
				00A10AB22AF6ED8A009DF4BC /* AuthService.swift in Sources */,
				E16C92AE2AE686A900141952 /* iOS_201.xcdatamodeld in Sources */,
				E1799BF92AF4BB1F00A69A33 /* StudyListViewController.swift in Sources */,
				E16C92A42AE686A900141952 /* AppDelegate.swift in Sources */,
				E1799BF52AF4BB0000A69A33 /* HomeViewController.swift in Sources */,
				E1D5CE262AF669F000B02823 /* StudyTableViewCell.swift in Sources */,
				E16C92A62AE686A900141952 /* SceneDelegate.swift in Sources */,
				E1598CF32AF78C3400677F45 /* UIViewController.swift in Sources */,
				00A10AA62AF650CD009DF4BC /* LoginViewController.swift in Sources */,
				E16C92A62AE686A900141952 /* SceneDelegate.swift in Sources */,
				002095582AF74C4900B02DE4 /* AuthModel.swift in Sources */,
				002095652AF77AD700B02DE4 /* OnBoardingViewModel.swift in Sources */,
				0020956D2AF786E200B02DE4 /* OnBoardingModel.swift in Sources */,
				00C7846A2AF90D2A00A0FFA7 /* UITextView.swift in Sources */,
			);
			runOnlyForDeploymentPostprocessing = 0;
		};
		E16C92B52AE686AA00141952 /* Sources */ = {
			isa = PBXSourcesBuildPhase;
			buildActionMask = 2147483647;
			files = (
				E1D5CE1B2AF6418C00B02823 /* StudyListModel.swift in Sources */,
				E10ADA902B05B40900A286E3 /* CreateStudyViewController.swift in Sources */,
				E1D5CE272AF669F000B02823 /* StudyTableViewCell.swift in Sources */,
				E1799BE82AF4ADDC00A69A33 /* CustomTabBarViewController.swift in Sources */,
				E1799BEE2AF4B72C00A69A33 /* UIColor.swift in Sources */,
				E16C92BE2AE686AA00141952 /* iOS_201Tests.swift in Sources */,
				E1D5CE1F2AF6480200B02823 /* CustomNavigationBar.swift in Sources */,
				E1F73B372AFA227F00C33DAF /* FilterCollectionViewCell.swift in Sources */,
				E1598CF82AF7935500677F45 /* LodingTableViewCell.swift in Sources */,
				E1799BFE2AF4BB2900A69A33 /* MypageViewController.swift in Sources */,
				E1598CF42AF78C3400677F45 /* UIViewController.swift in Sources */,
				E1799BFA2AF4BB1F00A69A33 /* StudyListViewController.swift in Sources */,
				E1598CF02AF776A400677F45 /* StudyListViewModel.swift in Sources */,
				E1799BF62AF4BB0000A69A33 /* HomeViewController.swift in Sources */,
				E1799C022AF4BB3300A69A33 /* MessageViewController.swift in Sources */,
			);
			runOnlyForDeploymentPostprocessing = 0;
		};
		E16C92BF2AE686AA00141952 /* Sources */ = {
			isa = PBXSourcesBuildPhase;
			buildActionMask = 2147483647;
			files = (
				E1598CF52AF78C3400677F45 /* UIViewController.swift in Sources */,
				E1D5CE202AF6480200B02823 /* CustomNavigationBar.swift in Sources */,
				E1799BF72AF4BB0000A69A33 /* HomeViewController.swift in Sources */,
				E16C92CA2AE686AA00141952 /* iOS_201UITestsLaunchTests.swift in Sources */,
				E1598CF12AF776A400677F45 /* StudyListViewModel.swift in Sources */,
				E1799C032AF4BB3300A69A33 /* MessageViewController.swift in Sources */,
				E10ADA912B05B40900A286E3 /* CreateStudyViewController.swift in Sources */,
				E1799BFF2AF4BB2900A69A33 /* MypageViewController.swift in Sources */,
				E1799BEF2AF4B72C00A69A33 /* UIColor.swift in Sources */,
				E1598CF92AF7935500677F45 /* LodingTableViewCell.swift in Sources */,
				E16C92C82AE686AA00141952 /* iOS_201UITests.swift in Sources */,
				E1F73B382AFA227F00C33DAF /* FilterCollectionViewCell.swift in Sources */,
				E1799BFB2AF4BB1F00A69A33 /* StudyListViewController.swift in Sources */,
				E1D5CE1C2AF6418C00B02823 /* StudyListModel.swift in Sources */,
				E1799BE92AF4ADDC00A69A33 /* CustomTabBarViewController.swift in Sources */,
				E1D5CE282AF669F000B02823 /* StudyTableViewCell.swift in Sources */,
			);
			runOnlyForDeploymentPostprocessing = 0;
		};
/* End PBXSourcesBuildPhase section */

/* Begin PBXTargetDependency section */
		E16C92BB2AE686AA00141952 /* PBXTargetDependency */ = {
			isa = PBXTargetDependency;
			target = E16C929F2AE686A900141952 /* iOS_201 */;
			targetProxy = E16C92BA2AE686AA00141952 /* PBXContainerItemProxy */;
		};
		E16C92C52AE686AA00141952 /* PBXTargetDependency */ = {
			isa = PBXTargetDependency;
			target = E16C929F2AE686A900141952 /* iOS_201 */;
			targetProxy = E16C92C42AE686AA00141952 /* PBXContainerItemProxy */;
		};
/* End PBXTargetDependency section */

/* Begin PBXVariantGroup section */
		E16C92B12AE686AA00141952 /* LaunchScreen.storyboard */ = {
			isa = PBXVariantGroup;
			children = (
				E16C92B22AE686AA00141952 /* Base */,
			);
			name = LaunchScreen.storyboard;
			sourceTree = "<group>";
		};
/* End PBXVariantGroup section */

/* Begin XCBuildConfiguration section */
		E16C92CB2AE686AA00141952 /* Debug */ = {
			isa = XCBuildConfiguration;
			buildSettings = {
				ALWAYS_SEARCH_USER_PATHS = NO;
				CLANG_ANALYZER_NONNULL = YES;
				CLANG_ANALYZER_NUMBER_OBJECT_CONVERSION = YES_AGGRESSIVE;
				CLANG_CXX_LANGUAGE_STANDARD = "gnu++20";
				CLANG_ENABLE_MODULES = YES;
				CLANG_ENABLE_OBJC_ARC = YES;
				CLANG_ENABLE_OBJC_WEAK = YES;
				CLANG_WARN_BLOCK_CAPTURE_AUTORELEASING = YES;
				CLANG_WARN_BOOL_CONVERSION = YES;
				CLANG_WARN_COMMA = YES;
				CLANG_WARN_CONSTANT_CONVERSION = YES;
				CLANG_WARN_DEPRECATED_OBJC_IMPLEMENTATIONS = YES;
				CLANG_WARN_DIRECT_OBJC_ISA_USAGE = YES_ERROR;
				CLANG_WARN_DOCUMENTATION_COMMENTS = YES;
				CLANG_WARN_EMPTY_BODY = YES;
				CLANG_WARN_ENUM_CONVERSION = YES;
				CLANG_WARN_INFINITE_RECURSION = YES;
				CLANG_WARN_INT_CONVERSION = YES;
				CLANG_WARN_NON_LITERAL_NULL_CONVERSION = YES;
				CLANG_WARN_OBJC_IMPLICIT_RETAIN_SELF = YES;
				CLANG_WARN_OBJC_LITERAL_CONVERSION = YES;
				CLANG_WARN_OBJC_ROOT_CLASS = YES_ERROR;
				CLANG_WARN_QUOTED_INCLUDE_IN_FRAMEWORK_HEADER = YES;
				CLANG_WARN_RANGE_LOOP_ANALYSIS = YES;
				CLANG_WARN_STRICT_PROTOTYPES = YES;
				CLANG_WARN_SUSPICIOUS_MOVE = YES;
				CLANG_WARN_UNGUARDED_AVAILABILITY = YES_AGGRESSIVE;
				CLANG_WARN_UNREACHABLE_CODE = YES;
				CLANG_WARN__DUPLICATE_METHOD_MATCH = YES;
				COPY_PHASE_STRIP = NO;
				DEBUG_INFORMATION_FORMAT = dwarf;
				ENABLE_STRICT_OBJC_MSGSEND = YES;
				ENABLE_TESTABILITY = YES;
				GCC_C_LANGUAGE_STANDARD = gnu11;
				GCC_DYNAMIC_NO_PIC = NO;
				GCC_NO_COMMON_BLOCKS = YES;
				GCC_OPTIMIZATION_LEVEL = 0;
				GCC_PREPROCESSOR_DEFINITIONS = (
					"DEBUG=1",
					"$(inherited)",
				);
				GCC_WARN_64_TO_32_BIT_CONVERSION = YES;
				GCC_WARN_ABOUT_RETURN_TYPE = YES_ERROR;
				GCC_WARN_UNDECLARED_SELECTOR = YES;
				GCC_WARN_UNINITIALIZED_AUTOS = YES_AGGRESSIVE;
				GCC_WARN_UNUSED_FUNCTION = YES;
				GCC_WARN_UNUSED_VARIABLE = YES;
				IPHONEOS_DEPLOYMENT_TARGET = 15.0;
				MTL_ENABLE_DEBUG_INFO = INCLUDE_SOURCE;
				MTL_FAST_MATH = YES;
				ONLY_ACTIVE_ARCH = YES;
				SDKROOT = iphoneos;
				SWIFT_ACTIVE_COMPILATION_CONDITIONS = DEBUG;
				SWIFT_OPTIMIZATION_LEVEL = "-Onone";
			};
			name = Debug;
		};
		E16C92CC2AE686AA00141952 /* Release */ = {
			isa = XCBuildConfiguration;
			buildSettings = {
				ALWAYS_SEARCH_USER_PATHS = NO;
				CLANG_ANALYZER_NONNULL = YES;
				CLANG_ANALYZER_NUMBER_OBJECT_CONVERSION = YES_AGGRESSIVE;
				CLANG_CXX_LANGUAGE_STANDARD = "gnu++20";
				CLANG_ENABLE_MODULES = YES;
				CLANG_ENABLE_OBJC_ARC = YES;
				CLANG_ENABLE_OBJC_WEAK = YES;
				CLANG_WARN_BLOCK_CAPTURE_AUTORELEASING = YES;
				CLANG_WARN_BOOL_CONVERSION = YES;
				CLANG_WARN_COMMA = YES;
				CLANG_WARN_CONSTANT_CONVERSION = YES;
				CLANG_WARN_DEPRECATED_OBJC_IMPLEMENTATIONS = YES;
				CLANG_WARN_DIRECT_OBJC_ISA_USAGE = YES_ERROR;
				CLANG_WARN_DOCUMENTATION_COMMENTS = YES;
				CLANG_WARN_EMPTY_BODY = YES;
				CLANG_WARN_ENUM_CONVERSION = YES;
				CLANG_WARN_INFINITE_RECURSION = YES;
				CLANG_WARN_INT_CONVERSION = YES;
				CLANG_WARN_NON_LITERAL_NULL_CONVERSION = YES;
				CLANG_WARN_OBJC_IMPLICIT_RETAIN_SELF = YES;
				CLANG_WARN_OBJC_LITERAL_CONVERSION = YES;
				CLANG_WARN_OBJC_ROOT_CLASS = YES_ERROR;
				CLANG_WARN_QUOTED_INCLUDE_IN_FRAMEWORK_HEADER = YES;
				CLANG_WARN_RANGE_LOOP_ANALYSIS = YES;
				CLANG_WARN_STRICT_PROTOTYPES = YES;
				CLANG_WARN_SUSPICIOUS_MOVE = YES;
				CLANG_WARN_UNGUARDED_AVAILABILITY = YES_AGGRESSIVE;
				CLANG_WARN_UNREACHABLE_CODE = YES;
				CLANG_WARN__DUPLICATE_METHOD_MATCH = YES;
				COPY_PHASE_STRIP = NO;
				DEBUG_INFORMATION_FORMAT = "dwarf-with-dsym";
				ENABLE_NS_ASSERTIONS = NO;
				ENABLE_STRICT_OBJC_MSGSEND = YES;
				GCC_C_LANGUAGE_STANDARD = gnu11;
				GCC_NO_COMMON_BLOCKS = YES;
				GCC_WARN_64_TO_32_BIT_CONVERSION = YES;
				GCC_WARN_ABOUT_RETURN_TYPE = YES_ERROR;
				GCC_WARN_UNDECLARED_SELECTOR = YES;
				GCC_WARN_UNINITIALIZED_AUTOS = YES_AGGRESSIVE;
				GCC_WARN_UNUSED_FUNCTION = YES;
				GCC_WARN_UNUSED_VARIABLE = YES;
				IPHONEOS_DEPLOYMENT_TARGET = 15.0;
				MTL_ENABLE_DEBUG_INFO = NO;
				MTL_FAST_MATH = YES;
				SDKROOT = iphoneos;
				SWIFT_COMPILATION_MODE = wholemodule;
				SWIFT_OPTIMIZATION_LEVEL = "-O";
				VALIDATE_PRODUCT = YES;
			};
			name = Release;
		};
		E16C92CE2AE686AA00141952 /* Debug */ = {
			isa = XCBuildConfiguration;
			baseConfigurationReference = BF0B86635ABBA38B6234E0CA /* Pods-iOS_201.debug.xcconfig */;
			buildSettings = {
				ASSETCATALOG_COMPILER_APPICON_NAME = AppIcon;
				ASSETCATALOG_COMPILER_GLOBAL_ACCENT_COLOR_NAME = AccentColor;
				CODE_SIGN_STYLE = Automatic;
				CURRENT_PROJECT_VERSION = 1;
				DEVELOPMENT_TEAM = 5KZ5C4UW39;
				GENERATE_INFOPLIST_FILE = YES;
				INFOPLIST_FILE = iOS_201/Info.plist;
				INFOPLIST_KEY_UIApplicationSupportsIndirectInputEvents = YES;
				INFOPLIST_KEY_UILaunchStoryboardName = LaunchScreen;
				INFOPLIST_KEY_UIStatusBarStyle = UIStatusBarStyleLightContent;
				INFOPLIST_KEY_UISupportedInterfaceOrientations_iPad = "UIInterfaceOrientationPortrait UIInterfaceOrientationPortraitUpsideDown UIInterfaceOrientationLandscapeLeft UIInterfaceOrientationLandscapeRight";
				INFOPLIST_KEY_UISupportedInterfaceOrientations_iPhone = "UIInterfaceOrientationPortrait UIInterfaceOrientationLandscapeLeft UIInterfaceOrientationLandscapeRight";
				IPHONEOS_DEPLOYMENT_TARGET = 15.0;
				LD_RUNPATH_SEARCH_PATHS = (
					"$(inherited)",
					"@executable_path/Frameworks",
				);
				MARKETING_VERSION = 1.0;
				PRODUCT_BUNDLE_IDENTIFIER = "jy.iOS-201";
				PRODUCT_NAME = "$(TARGET_NAME)";
				SWIFT_EMIT_LOC_STRINGS = YES;
				SWIFT_VERSION = 5.0;
				TARGETED_DEVICE_FAMILY = "1,2";
			};
			name = Debug;
		};
		E16C92CF2AE686AA00141952 /* Release */ = {
			isa = XCBuildConfiguration;
			baseConfigurationReference = AF548CE4AD6EE95C0AAE6A10 /* Pods-iOS_201.release.xcconfig */;
			buildSettings = {
				ASSETCATALOG_COMPILER_APPICON_NAME = AppIcon;
				ASSETCATALOG_COMPILER_GLOBAL_ACCENT_COLOR_NAME = AccentColor;
				CODE_SIGN_STYLE = Automatic;
				CURRENT_PROJECT_VERSION = 1;
				DEVELOPMENT_TEAM = 5KZ5C4UW39;
				GENERATE_INFOPLIST_FILE = YES;
				INFOPLIST_FILE = iOS_201/Info.plist;
				INFOPLIST_KEY_UIApplicationSupportsIndirectInputEvents = YES;
				INFOPLIST_KEY_UILaunchStoryboardName = LaunchScreen;
				INFOPLIST_KEY_UIStatusBarStyle = UIStatusBarStyleLightContent;
				INFOPLIST_KEY_UISupportedInterfaceOrientations_iPad = "UIInterfaceOrientationPortrait UIInterfaceOrientationPortraitUpsideDown UIInterfaceOrientationLandscapeLeft UIInterfaceOrientationLandscapeRight";
				INFOPLIST_KEY_UISupportedInterfaceOrientations_iPhone = "UIInterfaceOrientationPortrait UIInterfaceOrientationLandscapeLeft UIInterfaceOrientationLandscapeRight";
				IPHONEOS_DEPLOYMENT_TARGET = 15.0;
				LD_RUNPATH_SEARCH_PATHS = (
					"$(inherited)",
					"@executable_path/Frameworks",
				);
				MARKETING_VERSION = 1.0;
				PRODUCT_BUNDLE_IDENTIFIER = "jy.iOS-201";
				PRODUCT_NAME = "$(TARGET_NAME)";
				SWIFT_EMIT_LOC_STRINGS = YES;
				SWIFT_VERSION = 5.0;
				TARGETED_DEVICE_FAMILY = "1,2";
			};
			name = Release;
		};
		E16C92D12AE686AA00141952 /* Debug */ = {
			isa = XCBuildConfiguration;
			baseConfigurationReference = 0346F03350D434D946FA38FE /* Pods-iOS_201Tests.debug.xcconfig */;
			buildSettings = {
				ALWAYS_EMBED_SWIFT_STANDARD_LIBRARIES = "$(inherited)";
				BUNDLE_LOADER = "$(TEST_HOST)";
				CODE_SIGN_STYLE = Automatic;
				CURRENT_PROJECT_VERSION = 1;
				DEVELOPMENT_TEAM = 5KZ5C4UW39;
				GENERATE_INFOPLIST_FILE = YES;
				IPHONEOS_DEPLOYMENT_TARGET = 15.0;
				MARKETING_VERSION = 1.0;
				PRODUCT_BUNDLE_IDENTIFIER = "jy.iOS-201Tests";
				PRODUCT_NAME = "$(TARGET_NAME)";
				SWIFT_EMIT_LOC_STRINGS = NO;
				SWIFT_VERSION = 5.0;
				TARGETED_DEVICE_FAMILY = "1,2";
				TEST_HOST = "$(BUILT_PRODUCTS_DIR)/iOS_201.app/$(BUNDLE_EXECUTABLE_FOLDER_PATH)/iOS_201";
			};
			name = Debug;
		};
		E16C92D22AE686AA00141952 /* Release */ = {
			isa = XCBuildConfiguration;
			baseConfigurationReference = 39EF6BB4D54E0FB04FC8C006 /* Pods-iOS_201Tests.release.xcconfig */;
			buildSettings = {
				ALWAYS_EMBED_SWIFT_STANDARD_LIBRARIES = "$(inherited)";
				BUNDLE_LOADER = "$(TEST_HOST)";
				CODE_SIGN_STYLE = Automatic;
				CURRENT_PROJECT_VERSION = 1;
				DEVELOPMENT_TEAM = 5KZ5C4UW39;
				GENERATE_INFOPLIST_FILE = YES;
				IPHONEOS_DEPLOYMENT_TARGET = 15.0;
				MARKETING_VERSION = 1.0;
				PRODUCT_BUNDLE_IDENTIFIER = "jy.iOS-201Tests";
				PRODUCT_NAME = "$(TARGET_NAME)";
				SWIFT_EMIT_LOC_STRINGS = NO;
				SWIFT_VERSION = 5.0;
				TARGETED_DEVICE_FAMILY = "1,2";
				TEST_HOST = "$(BUILT_PRODUCTS_DIR)/iOS_201.app/$(BUNDLE_EXECUTABLE_FOLDER_PATH)/iOS_201";
			};
			name = Release;
		};
		E16C92D42AE686AA00141952 /* Debug */ = {
			isa = XCBuildConfiguration;
			baseConfigurationReference = 48AAC6B30D58FBD096902EE7 /* Pods-iOS_201-iOS_201UITests.debug.xcconfig */;
			buildSettings = {
				ALWAYS_EMBED_SWIFT_STANDARD_LIBRARIES = "$(inherited)";
				CODE_SIGN_STYLE = Automatic;
				CURRENT_PROJECT_VERSION = 1;
				DEVELOPMENT_TEAM = 5KZ5C4UW39;
				GENERATE_INFOPLIST_FILE = YES;
				IPHONEOS_DEPLOYMENT_TARGET = 15.0;
				MARKETING_VERSION = 1.0;
				PRODUCT_BUNDLE_IDENTIFIER = "jy.iOS-201UITests";
				PRODUCT_NAME = "$(TARGET_NAME)";
				SWIFT_EMIT_LOC_STRINGS = NO;
				SWIFT_VERSION = 5.0;
				TARGETED_DEVICE_FAMILY = "1,2";
				TEST_TARGET_NAME = iOS_201;
			};
			name = Debug;
		};
		E16C92D52AE686AA00141952 /* Release */ = {
			isa = XCBuildConfiguration;
			baseConfigurationReference = 96DCA3DBA451A66C118DE80E /* Pods-iOS_201-iOS_201UITests.release.xcconfig */;
			buildSettings = {
				ALWAYS_EMBED_SWIFT_STANDARD_LIBRARIES = "$(inherited)";
				CODE_SIGN_STYLE = Automatic;
				CURRENT_PROJECT_VERSION = 1;
				DEVELOPMENT_TEAM = 5KZ5C4UW39;
				GENERATE_INFOPLIST_FILE = YES;
				IPHONEOS_DEPLOYMENT_TARGET = 15.0;
				MARKETING_VERSION = 1.0;
				PRODUCT_BUNDLE_IDENTIFIER = "jy.iOS-201UITests";
				PRODUCT_NAME = "$(TARGET_NAME)";
				SWIFT_EMIT_LOC_STRINGS = NO;
				SWIFT_VERSION = 5.0;
				TARGETED_DEVICE_FAMILY = "1,2";
				TEST_TARGET_NAME = iOS_201;
			};
			name = Release;
		};
/* End XCBuildConfiguration section */

/* Begin XCConfigurationList section */
		E16C929B2AE686A900141952 /* Build configuration list for PBXProject "iOS_201" */ = {
			isa = XCConfigurationList;
			buildConfigurations = (
				E16C92CB2AE686AA00141952 /* Debug */,
				E16C92CC2AE686AA00141952 /* Release */,
			);
			defaultConfigurationIsVisible = 0;
			defaultConfigurationName = Release;
		};
		E16C92CD2AE686AA00141952 /* Build configuration list for PBXNativeTarget "iOS_201" */ = {
			isa = XCConfigurationList;
			buildConfigurations = (
				E16C92CE2AE686AA00141952 /* Debug */,
				E16C92CF2AE686AA00141952 /* Release */,
			);
			defaultConfigurationIsVisible = 0;
			defaultConfigurationName = Release;
		};
		E16C92D02AE686AA00141952 /* Build configuration list for PBXNativeTarget "iOS_201Tests" */ = {
			isa = XCConfigurationList;
			buildConfigurations = (
				E16C92D12AE686AA00141952 /* Debug */,
				E16C92D22AE686AA00141952 /* Release */,
			);
			defaultConfigurationIsVisible = 0;
			defaultConfigurationName = Release;
		};
		E16C92D32AE686AA00141952 /* Build configuration list for PBXNativeTarget "iOS_201UITests" */ = {
			isa = XCConfigurationList;
			buildConfigurations = (
				E16C92D42AE686AA00141952 /* Debug */,
				E16C92D52AE686AA00141952 /* Release */,
			);
			defaultConfigurationIsVisible = 0;
			defaultConfigurationName = Release;
		};
/* End XCConfigurationList section */

/* Begin XCVersionGroup section */
		E16C92AC2AE686A900141952 /* iOS_201.xcdatamodeld */ = {
			isa = XCVersionGroup;
			children = (
				E16C92AD2AE686A900141952 /* iOS_201.xcdatamodel */,
			);
			currentVersion = E16C92AD2AE686A900141952 /* iOS_201.xcdatamodel */;
			path = iOS_201.xcdatamodeld;
			sourceTree = "<group>";
			versionGroupType = wrapper.xcdatamodel;
		};
/* End XCVersionGroup section */
	};
	rootObject = E16C92982AE686A900141952 /* Project object */;
}
